
Microsoft Visual Studio Solution File, Format Version 12.00
# Visual Studio 15
VisualStudioVersion = 15.0.28307.960
MinimumVisualStudioVersion = 10.0.40219.1
Project("{FAE04EC0-301F-11D3-BF4B-00C04F79EFBC}") = "ACP_GUI", "ACP_GUI\ACP_GUI.csproj", "{5F8803CE-93BF-4EBC-B426-F7E2D56A21EB}"
EndProject
Project("{FAE04EC0-301F-11D3-BF4B-00C04F79EFBC}") = "ACP", "ACP\ACP.csproj", "{59358539-453F-4FD5-8D02-37D6FD048F13}"
EndProject
Project("{FAE04EC0-301F-11D3-BF4B-00C04F79EFBC}") = "ApS", "..\ApS\ApS\ApS.csproj", "{8EA157C8-A629-4D86-A745-49F0D82520EF}"
EndProject
Project("{FAE04EC0-301F-11D3-BF4B-00C04F79EFBC}") = "ApS.Databases.Firebird", "..\ApS\ApS.Databases\ApS.Databases.Firebird\ApS.Databases.Firebird.csproj", "{E7740997-1CEB-47B7-892F-5DB0E6DDE3B9}"
EndProject
Project("{FAE04EC0-301F-11D3-BF4B-00C04F79EFBC}") = "DropDownCustomColorPicker", "..\ColorPicker\DropDownCustomColorPicker\DropDownCustomColorPicker.csproj", "{FD2EC7D4-4316-4F8F-8108-8381F0B4B340}"
EndProject
Global
	GlobalSection(SolutionConfigurationPlatforms) = preSolution
		Debug|Any CPU = Debug|Any CPU
		Debug|x64 = Debug|x64
		Debug|x86 = Debug|x86
		Release|Any CPU = Release|Any CPU
		Release|x64 = Release|x64
		Release|x86 = Release|x86
	EndGlobalSection
	GlobalSection(ProjectConfigurationPlatforms) = postSolution
		{5F8803CE-93BF-4EBC-B426-F7E2D56A21EB}.Debug|Any CPU.ActiveCfg = Debug|Any CPU
		{5F8803CE-93BF-4EBC-B426-F7E2D56A21EB}.Debug|Any CPU.Build.0 = Debug|Any CPU
		{5F8803CE-93BF-4EBC-B426-F7E2D56A21EB}.Debug|x64.ActiveCfg = Debug|Any CPU
		{5F8803CE-93BF-4EBC-B426-F7E2D56A21EB}.Debug|x64.Build.0 = Debug|Any CPU
		{5F8803CE-93BF-4EBC-B426-F7E2D56A21EB}.Debug|x86.ActiveCfg = Debug|Any CPU
		{5F8803CE-93BF-4EBC-B426-F7E2D56A21EB}.Debug|x86.Build.0 = Debug|Any CPU
		{5F8803CE-93BF-4EBC-B426-F7E2D56A21EB}.Release|Any CPU.ActiveCfg = Release|Any CPU
		{5F8803CE-93BF-4EBC-B426-F7E2D56A21EB}.Release|Any CPU.Build.0 = Release|Any CPU
		{5F8803CE-93BF-4EBC-B426-F7E2D56A21EB}.Release|x64.ActiveCfg = Release|Any CPU
		{5F8803CE-93BF-4EBC-B426-F7E2D56A21EB}.Release|x64.Build.0 = Release|Any CPU
		{5F8803CE-93BF-4EBC-B426-F7E2D56A21EB}.Release|x86.ActiveCfg = Release|Any CPU
		{5F8803CE-93BF-4EBC-B426-F7E2D56A21EB}.Release|x86.Build.0 = Release|Any CPU
		{59358539-453F-4FD5-8D02-37D6FD048F13}.Debug|Any CPU.ActiveCfg = Debug|Any CPU
		{59358539-453F-4FD5-8D02-37D6FD048F13}.Debug|Any CPU.Build.0 = Debug|Any CPU
		{59358539-453F-4FD5-8D02-37D6FD048F13}.Debug|x64.ActiveCfg = Debug|Any CPU
		{59358539-453F-4FD5-8D02-37D6FD048F13}.Debug|x64.Build.0 = Debug|Any CPU
		{59358539-453F-4FD5-8D02-37D6FD048F13}.Debug|x86.ActiveCfg = Debug|Any CPU
		{59358539-453F-4FD5-8D02-37D6FD048F13}.Debug|x86.Build.0 = Debug|Any CPU
		{59358539-453F-4FD5-8D02-37D6FD048F13}.Release|Any CPU.ActiveCfg = Release|Any CPU
		{59358539-453F-4FD5-8D02-37D6FD048F13}.Release|Any CPU.Build.0 = Release|Any CPU
		{59358539-453F-4FD5-8D02-37D6FD048F13}.Release|x64.ActiveCfg = Release|Any CPU
		{59358539-453F-4FD5-8D02-37D6FD048F13}.Release|x64.Build.0 = Release|Any CPU
		{59358539-453F-4FD5-8D02-37D6FD048F13}.Release|x86.ActiveCfg = Release|Any CPU
		{59358539-453F-4FD5-8D02-37D6FD048F13}.Release|x86.Build.0 = Release|Any CPU
		{8EA157C8-A629-4D86-A745-49F0D82520EF}.Debug|Any CPU.ActiveCfg = Debug|Any CPU
		{8EA157C8-A629-4D86-A745-49F0D82520EF}.Debug|Any CPU.Build.0 = Debug|Any CPU
		{8EA157C8-A629-4D86-A745-49F0D82520EF}.Debug|x64.ActiveCfg = Debug|x64
		{8EA157C8-A629-4D86-A745-49F0D82520EF}.Debug|x64.Build.0 = Debug|x64
		{8EA157C8-A629-4D86-A745-49F0D82520EF}.Debug|x86.ActiveCfg = Debug|x86
		{8EA157C8-A629-4D86-A745-49F0D82520EF}.Debug|x86.Build.0 = Debug|x86
		{8EA157C8-A629-4D86-A745-49F0D82520EF}.Release|Any CPU.ActiveCfg = Release|Any CPU
		{8EA157C8-A629-4D86-A745-49F0D82520EF}.Release|Any CPU.Build.0 = Release|Any CPU
		{8EA157C8-A629-4D86-A745-49F0D82520EF}.Release|x64.ActiveCfg = Release|x64
		{8EA157C8-A629-4D86-A745-49F0D82520EF}.Release|x64.Build.0 = Release|x64
		{8EA157C8-A629-4D86-A745-49F0D82520EF}.Release|x86.ActiveCfg = Release|x86
		{8EA157C8-A629-4D86-A745-49F0D82520EF}.Release|x86.Build.0 = Release|x86
		{E7740997-1CEB-47B7-892F-5DB0E6DDE3B9}.Debug|Any CPU.ActiveCfg = Debug|Any CPU
		{E7740997-1CEB-47B7-892F-5DB0E6DDE3B9}.Debug|Any CPU.Build.0 = Debug|Any CPU
		{E7740997-1CEB-47B7-892F-5DB0E6DDE3B9}.Debug|x64.ActiveCfg = Debug|x64
		{E7740997-1CEB-47B7-892F-5DB0E6DDE3B9}.Debug|x64.Build.0 = Debug|x64
		{E7740997-1CEB-47B7-892F-5DB0E6DDE3B9}.Debug|x86.ActiveCfg = Debug|Any CPU
		{E7740997-1CEB-47B7-892F-5DB0E6DDE3B9}.Debug|x86.Build.0 = Debug|Any CPU
		{E7740997-1CEB-47B7-892F-5DB0E6DDE3B9}.Release|Any CPU.ActiveCfg = Release|Any CPU
		{E7740997-1CEB-47B7-892F-5DB0E6DDE3B9}.Release|Any CPU.Build.0 = Release|Any CPU
		{E7740997-1CEB-47B7-892F-5DB0E6DDE3B9}.Release|x64.ActiveCfg = Release|x64
		{E7740997-1CEB-47B7-892F-5DB0E6DDE3B9}.Release|x64.Build.0 = Release|x64
		{E7740997-1CEB-47B7-892F-5DB0E6DDE3B9}.Release|x86.ActiveCfg = Release|Any CPU
		{E7740997-1CEB-47B7-892F-5DB0E6DDE3B9}.Release|x86.Build.0 = Release|Any CPU
		{FD2EC7D4-4316-4F8F-8108-8381F0B4B340}.Debug|Any CPU.ActiveCfg = Debug|Any CPU
		{FD2EC7D4-4316-4F8F-8108-8381F0B4B340}.Debug|Any CPU.Build.0 = Debug|Any CPU
		{FD2EC7D4-4316-4F8F-8108-8381F0B4B340}.Debug|x64.ActiveCfg = Debug|Any CPU
		{FD2EC7D4-4316-4F8F-8108-8381F0B4B340}.Debug|x64.Build.0 = Debug|Any CPU
		{FD2EC7D4-4316-4F8F-8108-8381F0B4B340}.Debug|x86.ActiveCfg = Debug|Any CPU
		{FD2EC7D4-4316-4F8F-8108-8381F0B4B340}.Debug|x86.Build.0 = Debug|Any CPU
		{FD2EC7D4-4316-4F8F-8108-8381F0B4B340}.Release|Any CPU.ActiveCfg = Release|Any CPU
		{FD2EC7D4-4316-4F8F-8108-8381F0B4B340}.Release|Any CPU.Build.0 = Release|Any CPU
		{FD2EC7D4-4316-4F8F-8108-8381F0B4B340}.Release|x64.ActiveCfg = Release|Any CPU
		{FD2EC7D4-4316-4F8F-8108-8381F0B4B340}.Release|x64.Build.0 = Release|Any CPU
		{FD2EC7D4-4316-4F8F-8108-8381F0B4B340}.Release|x86.ActiveCfg = Release|Any CPU
		{FD2EC7D4-4316-4F8F-8108-8381F0B4B340}.Release|x86.Build.0 = Release|Any CPU
	EndGlobalSection
	GlobalSection(SolutionProperties) = preSolution
		HideSolutionNode = FALSE
	EndGlobalSection
	GlobalSection(ExtensibilityGlobals) = postSolution
		SolutionGuid = {13AE21CA-EA4D-45B8-B1BD-D37EF2AC8B3B}
	EndGlobalSection
EndGlobal
